
Microsoft Visual Studio Solution File, Format Version 12.00
# Visual Studio Version 16
VisualStudioVersion = 16.0.31105.61
MinimumVisualStudioVersion = 10.0.40219.1
Project("{FAE04EC0-301F-11D3-BF4B-00C04F79EFBC}") = "cw8", "cw8.csproj", "{2D5481AF-8153-4D13-9812-9E8FB2786BA8}"
EndProject
Global
	GlobalSection(SolutionConfigurationPlatforms) = preSolution
		Debug|Any CPU = Debug|Any CPU
		Release|Any CPU = Release|Any CPU
	EndGlobalSection
	GlobalSection(ProjectConfigurationPlatforms) = postSolution
		{2D5481AF-8153-4D13-9812-9E8FB2786BA8}.Debug|Any CPU.ActiveCfg = Debug|Any CPU
		{2D5481AF-8153-4D13-9812-9E8FB2786BA8}.Debug|Any CPU.Build.0 = Debug|Any CPU
		{2D5481AF-8153-4D13-9812-9E8FB2786BA8}.Release|Any CPU.ActiveCfg = Release|Any CPU
		{2D5481AF-8153-4D13-9812-9E8FB2786BA8}.Release|Any CPU.Build.0 = Release|Any CPU
	EndGlobalSection
	GlobalSection(SolutionProperties) = preSolution
		HideSolutionNode = FALSE
	EndGlobalSection
	GlobalSection(ExtensibilityGlobals) = postSolution
		SolutionGuid = {C4D22D97-4BE7-481C-88C4-03485F0E7003}
	EndGlobalSection
EndGlobal
