
Microsoft Visual Studio Solution File, Format Version 12.00
# Visual Studio Version 16
VisualStudioVersion = 16.0.31105.61
MinimumVisualStudioVersion = 10.0.40219.1
Project("{FAE04EC0-301F-11D3-BF4B-00C04F79EFBC}") = "FirsApi", "FirsApi.csproj", "{677682AD-CB30-41F9-8F8A-B04330B6410A}"
EndProject
Global
	GlobalSection(SolutionConfigurationPlatforms) = preSolution
		Debug|Any CPU = Debug|Any CPU
		Release|Any CPU = Release|Any CPU
	EndGlobalSection
	GlobalSection(ProjectConfigurationPlatforms) = postSolution
		{677682AD-CB30-41F9-8F8A-B04330B6410A}.Debug|Any CPU.ActiveCfg = Debug|Any CPU
		{677682AD-CB30-41F9-8F8A-B04330B6410A}.Debug|Any CPU.Build.0 = Debug|Any CPU
		{677682AD-CB30-41F9-8F8A-B04330B6410A}.Release|Any CPU.ActiveCfg = Release|Any CPU
		{677682AD-CB30-41F9-8F8A-B04330B6410A}.Release|Any CPU.Build.0 = Release|Any CPU
	EndGlobalSection
	GlobalSection(SolutionProperties) = preSolution
		HideSolutionNode = FALSE
	EndGlobalSection
	GlobalSection(ExtensibilityGlobals) = postSolution
		SolutionGuid = {037812B7-AF1D-4016-AA77-9A5DE3A69123}
	EndGlobalSection
EndGlobal
