
Microsoft Visual Studio Solution File, Format Version 12.00
# Visual Studio Version 16
VisualStudioVersion = 16.0.31105.61
MinimumVisualStudioVersion = 10.0.40219.1
Project("{FAE04EC0-301F-11D3-BF4B-00C04F79EFBC}") = "cw5", "cw5.csproj", "{08DFDFA4-CCA3-44E2-A657-9DF9AED45DEF}"
EndProject
Global
	GlobalSection(SolutionConfigurationPlatforms) = preSolution
		Debug|Any CPU = Debug|Any CPU
		Release|Any CPU = Release|Any CPU
	EndGlobalSection
	GlobalSection(ProjectConfigurationPlatforms) = postSolution
		{08DFDFA4-CCA3-44E2-A657-9DF9AED45DEF}.Debug|Any CPU.ActiveCfg = Debug|Any CPU
		{08DFDFA4-CCA3-44E2-A657-9DF9AED45DEF}.Debug|Any CPU.Build.0 = Debug|Any CPU
		{08DFDFA4-CCA3-44E2-A657-9DF9AED45DEF}.Release|Any CPU.ActiveCfg = Release|Any CPU
		{08DFDFA4-CCA3-44E2-A657-9DF9AED45DEF}.Release|Any CPU.Build.0 = Release|Any CPU
	EndGlobalSection
	GlobalSection(SolutionProperties) = preSolution
		HideSolutionNode = FALSE
	EndGlobalSection
	GlobalSection(ExtensibilityGlobals) = postSolution
		SolutionGuid = {2B134B07-13A3-4285-9F55-9447A80E36D8}
	EndGlobalSection
EndGlobal
